# This file is automatically @generated by Cargo.
# It is not intended for manual editing.
version = 3

[[package]]
name = "advent-of-code-2021-day01-1"
version = "0.1.0"

[[package]]
name = "advent-of-code-2021-day01-2"
version = "0.1.0"

[[package]]
name = "advent-of-code-2021-day02-1"
version = "0.1.0"

[[package]]
name = "advent-of-code-2021-day02-2"
version = "0.1.0"

[[package]]
name = "advent-of-code-2021-day03-1"
version = "0.1.0"

[[package]]
name = "advent-of-code-2021-day03-2"
version = "0.1.0"

[[package]]
name = "advent-of-code-2021-day04-1"
version = "0.1.0"

[[package]]
name = "advent-of-code-2021-day04-2"
version = "0.1.0"

[[package]]
name = "advent-of-code-2021-day05-1"
version = "0.1.0"

[[package]]
name = "advent-of-code-2021-day05-2"
version = "0.1.0"

[[package]]
name = "advent-of-code-2021-day06-1"
version = "0.1.0"

[[package]]
name = "advent-of-code-2021-day06-2"
version = "0.1.0"

[[package]]
name = "advent-of-code-2021-day07-1"
version = "0.1.0"

[[package]]
name = "advent-of-code-2021-day07-2"
version = "0.1.0"

[[package]]
name = "advent-of-code-2021-day08-1"
version = "0.1.0"

[[package]]
name = "advent-of-code-2021-day08-2"
version = "0.1.0"

[[package]]
name = "advent-of-code-2021-day09-1"
version = "0.1.0"

[[package]]
name = "advent-of-code-2021-day09-2"
version = "0.1.0"

[[package]]
name = "advent-of-code-2021-day10-1"
version = "0.1.0"

[[package]]
name = "advent-of-code-2021-day10-2"
version = "0.1.0"

[[package]]
name = "advent-of-code-2021-day11-1"
version = "0.1.0"

[[package]]
name = "advent-of-code-2021-day11-2"
version = "0.1.0"
